
Microsoft Visual Studio Solution File, Format Version 12.00
# Visual Studio 15
VisualStudioVersion = 15.0.28307.421
MinimumVisualStudioVersion = 10.0.40219.1
Project("{FAE04EC0-301F-11D3-BF4B-00C04F79EFBC}") = "QRCode", "QRCode\QRCode.csproj", "{09D15A57-CE4C-4CEE-8994-7BF6EEBD1152}"
EndProject
Global
	GlobalSection(SolutionConfigurationPlatforms) = preSolution
		Debug|Any CPU = Debug|Any CPU
		Release|Any CPU = Release|Any CPU
	EndGlobalSection
	GlobalSection(ProjectConfigurationPlatforms) = postSolution
		{09D15A57-CE4C-4CEE-8994-7BF6EEBD1152}.Debug|Any CPU.ActiveCfg = Debug|Any CPU
		{09D15A57-CE4C-4CEE-8994-7BF6EEBD1152}.Debug|Any CPU.Build.0 = Debug|Any CPU
		{09D15A57-CE4C-4CEE-8994-7BF6EEBD1152}.Release|Any CPU.ActiveCfg = Release|Any CPU
		{09D15A57-CE4C-4CEE-8994-7BF6EEBD1152}.Release|Any CPU.Build.0 = Release|Any CPU
	EndGlobalSection
	GlobalSection(SolutionProperties) = preSolution
		HideSolutionNode = FALSE
	EndGlobalSection
	GlobalSection(ExtensibilityGlobals) = postSolution
		SolutionGuid = {0C2FA8B5-9EB6-4288-BA9E-3D8FE4E5F713}
	EndGlobalSection
EndGlobal
